
Microsoft Visual Studio Solution File, Format Version 12.00
# Visual Studio 14
VisualStudioVersion = 14.0.25420.1
MinimumVisualStudioVersion = 10.0.40219.1
Project("{FAE04EC0-301F-11D3-BF4B-00C04F79EFBC}") = "ElementToElementBinding", "ElementToElementBinding\ElementToElementBinding.csproj", "{2022D605-C9B5-455D-A48A-2F6083F4B148}"
EndProject
Project("{FAE04EC0-301F-11D3-BF4B-00C04F79EFBC}") = "Multiple Binding", "Multiple Binding\Multiple Binding.csproj", "{9DB8B41D-2B57-467E-B144-3520A38B904D}"
EndProject
Project("{FAE04EC0-301F-11D3-BF4B-00C04F79EFBC}") = "Relative Source DataContext Binding To class", "Relative Source DataContext Binding To class\Relative Source DataContext Binding To class.csproj", "{835ADFA2-6BB8-4B3A-A1AB-5F3BE0A79159}"
EndProject
Project("{FAE04EC0-301F-11D3-BF4B-00C04F79EFBC}") = "binding To SQL", "binding To SQL\binding To SQL.csproj", "{670F99C6-90FF-4BC9-91AF-918371D7D769}"
EndProject
Project("{FAE04EC0-301F-11D3-BF4B-00C04F79EFBC}") = "SoccerDataApp", "SoccerDataApp\SoccerDataApp.csproj", "{19F370D1-9093-4370-870A-D37B8E7E1914}"
EndProject
Global
	GlobalSection(SolutionConfigurationPlatforms) = preSolution
		Debug|Any CPU = Debug|Any CPU
		Release|Any CPU = Release|Any CPU
	EndGlobalSection
	GlobalSection(ProjectConfigurationPlatforms) = postSolution
		{2022D605-C9B5-455D-A48A-2F6083F4B148}.Debug|Any CPU.ActiveCfg = Debug|Any CPU
		{2022D605-C9B5-455D-A48A-2F6083F4B148}.Debug|Any CPU.Build.0 = Debug|Any CPU
		{2022D605-C9B5-455D-A48A-2F6083F4B148}.Release|Any CPU.ActiveCfg = Release|Any CPU
		{2022D605-C9B5-455D-A48A-2F6083F4B148}.Release|Any CPU.Build.0 = Release|Any CPU
		{9DB8B41D-2B57-467E-B144-3520A38B904D}.Debug|Any CPU.ActiveCfg = Debug|Any CPU
		{9DB8B41D-2B57-467E-B144-3520A38B904D}.Debug|Any CPU.Build.0 = Debug|Any CPU
		{9DB8B41D-2B57-467E-B144-3520A38B904D}.Release|Any CPU.ActiveCfg = Release|Any CPU
		{9DB8B41D-2B57-467E-B144-3520A38B904D}.Release|Any CPU.Build.0 = Release|Any CPU
		{835ADFA2-6BB8-4B3A-A1AB-5F3BE0A79159}.Debug|Any CPU.ActiveCfg = Debug|Any CPU
		{835ADFA2-6BB8-4B3A-A1AB-5F3BE0A79159}.Debug|Any CPU.Build.0 = Debug|Any CPU
		{835ADFA2-6BB8-4B3A-A1AB-5F3BE0A79159}.Release|Any CPU.ActiveCfg = Release|Any CPU
		{835ADFA2-6BB8-4B3A-A1AB-5F3BE0A79159}.Release|Any CPU.Build.0 = Release|Any CPU
		{670F99C6-90FF-4BC9-91AF-918371D7D769}.Debug|Any CPU.ActiveCfg = Debug|Any CPU
		{670F99C6-90FF-4BC9-91AF-918371D7D769}.Debug|Any CPU.Build.0 = Debug|Any CPU
		{670F99C6-90FF-4BC9-91AF-918371D7D769}.Release|Any CPU.ActiveCfg = Release|Any CPU
		{670F99C6-90FF-4BC9-91AF-918371D7D769}.Release|Any CPU.Build.0 = Release|Any CPU
		{19F370D1-9093-4370-870A-D37B8E7E1914}.Debug|Any CPU.ActiveCfg = Debug|Any CPU
		{19F370D1-9093-4370-870A-D37B8E7E1914}.Debug|Any CPU.Build.0 = Debug|Any CPU
		{19F370D1-9093-4370-870A-D37B8E7E1914}.Release|Any CPU.ActiveCfg = Release|Any CPU
		{19F370D1-9093-4370-870A-D37B8E7E1914}.Release|Any CPU.Build.0 = Release|Any CPU
	EndGlobalSection
	GlobalSection(SolutionProperties) = preSolution
		HideSolutionNode = FALSE
	EndGlobalSection
EndGlobal
