
Microsoft Visual Studio Solution File, Format Version 12.00
# Visual Studio 14
VisualStudioVersion = 14.0.25420.1
MinimumVisualStudioVersion = 10.0.40219.1
Project("{2150E333-8FDC-42A3-9474-1A3956D46DE8}") = "WEB.API_Test", "WEB.API_Test", "{57262197-C283-4CAC-A40A-90B5D25E3667}"
EndProject
Project("{2150E333-8FDC-42A3-9474-1A3956D46DE8}") = "DataBaseProject_Test", "DataBaseProject_Test", "{342FC4E9-4626-4F2A-AECD-00B7D041460B}"
EndProject
Project("{2150E333-8FDC-42A3-9474-1A3956D46DE8}") = "WPF_Client_Test", "WPF_Client_Test", "{ECA9154C-74BA-43C6-B5E9-F3CF4271AD4E}"
EndProject
Project("{FAE04EC0-301F-11D3-BF4B-00C04F79EFBC}") = "testClient", "testClient\testClient.csproj", "{8F36B2E5-71E3-4C23-AD93-6823B19E308D}"
EndProject
Project("{00D1A9C2-B5F0-4AF3-8072-F6C62B433612}") = "ParkingExample", "DataBaseProject_Test\ParkingExample\ParkingExample.sqlproj", "{5C96DEF6-B01B-45A4-BC25-48B2E0891F61}"
EndProject
Project("{FAE04EC0-301F-11D3-BF4B-00C04F79EFBC}") = "manyToManyExampleConsole", "manyToManyExampleConsole\manyToManyExampleConsole.csproj", "{037605E8-DF4A-446C-B05B-E64D09169C1D}"
EndProject
Project("{FAE04EC0-301F-11D3-BF4B-00C04F79EFBC}") = "Consoleconnection", "Consoleconnection\Consoleconnection.csproj", "{B006A1B3-CD58-46D4-B881-927FA04CA2AE}"
EndProject
Global
	GlobalSection(SolutionConfigurationPlatforms) = preSolution
		Debug|Any CPU = Debug|Any CPU
		Release|Any CPU = Release|Any CPU
	EndGlobalSection
	GlobalSection(ProjectConfigurationPlatforms) = postSolution
		{8F36B2E5-71E3-4C23-AD93-6823B19E308D}.Debug|Any CPU.ActiveCfg = Debug|Any CPU
		{8F36B2E5-71E3-4C23-AD93-6823B19E308D}.Debug|Any CPU.Build.0 = Debug|Any CPU
		{8F36B2E5-71E3-4C23-AD93-6823B19E308D}.Release|Any CPU.ActiveCfg = Release|Any CPU
		{8F36B2E5-71E3-4C23-AD93-6823B19E308D}.Release|Any CPU.Build.0 = Release|Any CPU
		{5C96DEF6-B01B-45A4-BC25-48B2E0891F61}.Debug|Any CPU.ActiveCfg = Debug|Any CPU
		{5C96DEF6-B01B-45A4-BC25-48B2E0891F61}.Debug|Any CPU.Build.0 = Debug|Any CPU
		{5C96DEF6-B01B-45A4-BC25-48B2E0891F61}.Debug|Any CPU.Deploy.0 = Debug|Any CPU
		{5C96DEF6-B01B-45A4-BC25-48B2E0891F61}.Release|Any CPU.ActiveCfg = Release|Any CPU
		{5C96DEF6-B01B-45A4-BC25-48B2E0891F61}.Release|Any CPU.Build.0 = Release|Any CPU
		{5C96DEF6-B01B-45A4-BC25-48B2E0891F61}.Release|Any CPU.Deploy.0 = Release|Any CPU
		{037605E8-DF4A-446C-B05B-E64D09169C1D}.Debug|Any CPU.ActiveCfg = Debug|Any CPU
		{037605E8-DF4A-446C-B05B-E64D09169C1D}.Debug|Any CPU.Build.0 = Debug|Any CPU
		{037605E8-DF4A-446C-B05B-E64D09169C1D}.Release|Any CPU.ActiveCfg = Release|Any CPU
		{037605E8-DF4A-446C-B05B-E64D09169C1D}.Release|Any CPU.Build.0 = Release|Any CPU
		{B006A1B3-CD58-46D4-B881-927FA04CA2AE}.Debug|Any CPU.ActiveCfg = Debug|Any CPU
		{B006A1B3-CD58-46D4-B881-927FA04CA2AE}.Debug|Any CPU.Build.0 = Debug|Any CPU
		{B006A1B3-CD58-46D4-B881-927FA04CA2AE}.Release|Any CPU.ActiveCfg = Release|Any CPU
		{B006A1B3-CD58-46D4-B881-927FA04CA2AE}.Release|Any CPU.Build.0 = Release|Any CPU
	EndGlobalSection
	GlobalSection(SolutionProperties) = preSolution
		HideSolutionNode = FALSE
	EndGlobalSection
	GlobalSection(NestedProjects) = preSolution
		{8F36B2E5-71E3-4C23-AD93-6823B19E308D} = {ECA9154C-74BA-43C6-B5E9-F3CF4271AD4E}
		{037605E8-DF4A-446C-B05B-E64D09169C1D} = {342FC4E9-4626-4F2A-AECD-00B7D041460B}
		{B006A1B3-CD58-46D4-B881-927FA04CA2AE} = {57262197-C283-4CAC-A40A-90B5D25E3667}
	EndGlobalSection
EndGlobal
