
Microsoft Visual Studio Solution File, Format Version 12.00
# Visual Studio 14
VisualStudioVersion = 14.0.25420.1
MinimumVisualStudioVersion = 10.0.40219.1
Project("{FAE04EC0-301F-11D3-BF4B-00C04F79EFBC}") = "MultiPageWPF", "MultiPageWPF\MultiPageWPF.csproj", "{0DFD6C5A-8B6B-4FEB-A43F-3EB2DFED2674}"
EndProject
Project("{FAE04EC0-301F-11D3-BF4B-00C04F79EFBC}") = "TestingForAzure", "TestingForAzure\TestingForAzure.csproj", "{BFB27B46-A6E6-4312-84F1-7043319105EF}"
EndProject
Global
	GlobalSection(SolutionConfigurationPlatforms) = preSolution
		Debug|Any CPU = Debug|Any CPU
		Release|Any CPU = Release|Any CPU
	EndGlobalSection
	GlobalSection(ProjectConfigurationPlatforms) = postSolution
		{0DFD6C5A-8B6B-4FEB-A43F-3EB2DFED2674}.Debug|Any CPU.ActiveCfg = Debug|Any CPU
		{0DFD6C5A-8B6B-4FEB-A43F-3EB2DFED2674}.Debug|Any CPU.Build.0 = Debug|Any CPU
		{0DFD6C5A-8B6B-4FEB-A43F-3EB2DFED2674}.Release|Any CPU.ActiveCfg = Release|Any CPU
		{0DFD6C5A-8B6B-4FEB-A43F-3EB2DFED2674}.Release|Any CPU.Build.0 = Release|Any CPU
		{BFB27B46-A6E6-4312-84F1-7043319105EF}.Debug|Any CPU.ActiveCfg = Debug|Any CPU
		{BFB27B46-A6E6-4312-84F1-7043319105EF}.Debug|Any CPU.Build.0 = Debug|Any CPU
		{BFB27B46-A6E6-4312-84F1-7043319105EF}.Release|Any CPU.ActiveCfg = Release|Any CPU
		{BFB27B46-A6E6-4312-84F1-7043319105EF}.Release|Any CPU.Build.0 = Release|Any CPU
	EndGlobalSection
	GlobalSection(SolutionProperties) = preSolution
		HideSolutionNode = FALSE
	EndGlobalSection
EndGlobal
