
Microsoft Visual Studio Solution File, Format Version 12.00
# Visual Studio 15
VisualStudioVersion = 15.0.27130.2036
MinimumVisualStudioVersion = 10.0.40219.1
Project("{FAE04EC0-301F-11D3-BF4B-00C04F79EFBC}") = "MahhAppsTest1", "MahhAppsTest1\MahhAppsTest1.csproj", "{9335200E-3792-4953-8EEB-E0268ED336A6}"
EndProject
Global
	GlobalSection(SolutionConfigurationPlatforms) = preSolution
		Debug|Any CPU = Debug|Any CPU
		Release|Any CPU = Release|Any CPU
	EndGlobalSection
	GlobalSection(ProjectConfigurationPlatforms) = postSolution
		{9335200E-3792-4953-8EEB-E0268ED336A6}.Debug|Any CPU.ActiveCfg = Debug|Any CPU
		{9335200E-3792-4953-8EEB-E0268ED336A6}.Debug|Any CPU.Build.0 = Debug|Any CPU
		{9335200E-3792-4953-8EEB-E0268ED336A6}.Release|Any CPU.ActiveCfg = Release|Any CPU
		{9335200E-3792-4953-8EEB-E0268ED336A6}.Release|Any CPU.Build.0 = Release|Any CPU
	EndGlobalSection
	GlobalSection(SolutionProperties) = preSolution
		HideSolutionNode = FALSE
	EndGlobalSection
	GlobalSection(ExtensibilityGlobals) = postSolution
		SolutionGuid = {20AB0B5E-6885-4CF5-92AD-ECB5F157A134}
	EndGlobalSection
EndGlobal
